
Microsoft Visual Studio Solution File, Format Version 11.00
# Visual Studio 2010
Project("{8BC9CEB8-8B4A-11D0-8D11-00A0C91BC942}") = "Test", "Test.vcxproj", "{A7E82B49-22E2-4D8E-9C3D-74AB7A56EAB4}"
EndProject
Global
	GlobalSection(SolutionConfigurationPlatforms) = preSolution
		Debug|Win32 = Debug|Win32
		Release|Win32 = Release|Win32
	EndGlobalSection
	GlobalSection(ProjectConfigurationPlatforms) = postSolution
		{A7E82B49-22E2-4D8E-9C3D-74AB7A56EAB4}.Debug|Win32.ActiveCfg = Debug|Win32
		{A7E82B49-22E2-4D8E-9C3D-74AB7A56EAB4}.Debug|Win32.Build.0 = Debug|Win32
		{A7E82B49-22E2-4D8E-9C3D-74AB7A56EAB4}.Release|Win32.ActiveCfg = Release|Win32
		{A7E82B49-22E2-4D8E-9C3D-74AB7A56EAB4}.Release|Win32.Build.0 = Release|Win32
	EndGlobalSection
	GlobalSection(SolutionProperties) = preSolution
		HideSolutionNode = FALSE
	EndGlobalSection
EndGlobal
