
Microsoft Visual Studio Solution File, Format Version 11.00
# Visual Studio 2010
Project("{8BC9CEB8-8B4A-11D0-8D11-00A0C91BC942}") = "20111688E6_2", "20111688E6_2.vcxproj", "{C191E0CF-F41A-4F5E-A3CD-1954D32F3E29}"
EndProject
Global
	GlobalSection(SolutionConfigurationPlatforms) = preSolution
		Debug|Win32 = Debug|Win32
		Release|Win32 = Release|Win32
	EndGlobalSection
	GlobalSection(ProjectConfigurationPlatforms) = postSolution
		{C191E0CF-F41A-4F5E-A3CD-1954D32F3E29}.Debug|Win32.ActiveCfg = Debug|Win32
		{C191E0CF-F41A-4F5E-A3CD-1954D32F3E29}.Debug|Win32.Build.0 = Debug|Win32
		{C191E0CF-F41A-4F5E-A3CD-1954D32F3E29}.Release|Win32.ActiveCfg = Release|Win32
		{C191E0CF-F41A-4F5E-A3CD-1954D32F3E29}.Release|Win32.Build.0 = Release|Win32
	EndGlobalSection
	GlobalSection(SolutionProperties) = preSolution
		HideSolutionNode = FALSE
	EndGlobalSection
EndGlobal
